
Microsoft Visual Studio Solution File, Format Version 12.00
# Visual Studio Version 16
VisualStudioVersion = 16.0.31025.194
MinimumVisualStudioVersion = 10.0.40219.1
Project("{FAE04EC0-301F-11D3-BF4B-00C04F79EFBC}") = "RestBeer", "RestBeer\RestBeer.csproj", "{9F61F618-7ED9-4E85-AE2F-CA54FCF56B95}"
EndProject
Global
	GlobalSection(SolutionConfigurationPlatforms) = preSolution
		Debug|Any CPU = Debug|Any CPU
		Release|Any CPU = Release|Any CPU
	EndGlobalSection
	GlobalSection(ProjectConfigurationPlatforms) = postSolution
		{9F61F618-7ED9-4E85-AE2F-CA54FCF56B95}.Debug|Any CPU.ActiveCfg = Debug|Any CPU
		{9F61F618-7ED9-4E85-AE2F-CA54FCF56B95}.Debug|Any CPU.Build.0 = Debug|Any CPU
		{9F61F618-7ED9-4E85-AE2F-CA54FCF56B95}.Release|Any CPU.ActiveCfg = Release|Any CPU
		{9F61F618-7ED9-4E85-AE2F-CA54FCF56B95}.Release|Any CPU.Build.0 = Release|Any CPU
	EndGlobalSection
	GlobalSection(SolutionProperties) = preSolution
		HideSolutionNode = FALSE
	EndGlobalSection
	GlobalSection(ExtensibilityGlobals) = postSolution
		SolutionGuid = {7E535F7B-6501-416A-94EE-26D12380043D}
	EndGlobalSection
EndGlobal
